
Microsoft Visual Studio Solution File, Format Version 12.00
# Visual Studio Version 17
VisualStudioVersion = 17.14.36127.28 d17.14
MinimumVisualStudioVersion = 10.0.40219.1
Project("{FAE04EC0-301F-11D3-BF4B-00C04F79EFBC}") = "client-packet-detection", "client-packet-detection.csproj", "{FC269792-7513-47BD-AF6D-6FE08D6D90B7}"
EndProject
Global
	GlobalSection(SolutionConfigurationPlatforms) = preSolution
		Debug|Any CPU = Debug|Any CPU
		Release|Any CPU = Release|Any CPU
	EndGlobalSection
	GlobalSection(ProjectConfigurationPlatforms) = postSolution
		{FC269792-7513-47BD-AF6D-6FE08D6D90B7}.Debug|Any CPU.ActiveCfg = Debug|Any CPU
		{FC269792-7513-47BD-AF6D-6FE08D6D90B7}.Debug|Any CPU.Build.0 = Debug|Any CPU
		{FC269792-7513-47BD-AF6D-6FE08D6D90B7}.Release|Any CPU.ActiveCfg = Release|Any CPU
		{FC269792-7513-47BD-AF6D-6FE08D6D90B7}.Release|Any CPU.Build.0 = Release|Any CPU
	EndGlobalSection
	GlobalSection(SolutionProperties) = preSolution
		HideSolutionNode = FALSE
	EndGlobalSection
	GlobalSection(ExtensibilityGlobals) = postSolution
		SolutionGuid = {41BB7520-59D7-4651-A5A3-85068B0EE184}
	EndGlobalSection
EndGlobal
